
Microsoft Visual Studio Solution File, Format Version 12.00
# Visual Studio 15
VisualStudioVersion = 15.0.33801.198
MinimumVisualStudioVersion = 10.0.40219.1
Project("{FAE04EC0-301F-11D3-BF4B-00C04F79EFBC}") = "TextColorizer", "src\TextColorizer.csproj", "{1A4D7126-5BCC-4E4A-AA6C-F8EED0E3CF6C}"
EndProject
Global
	GlobalSection(SolutionConfigurationPlatforms) = preSolution
		Debug|Any CPU = Debug|Any CPU
		Release|Any CPU = Release|Any CPU
	EndGlobalSection
	GlobalSection(ProjectConfigurationPlatforms) = postSolution
		{1A4D7126-5BCC-4E4A-AA6C-F8EED0E3CF6C}.Debug|Any CPU.ActiveCfg = Debug|Any CPU
		{1A4D7126-5BCC-4E4A-AA6C-F8EED0E3CF6C}.Debug|Any CPU.Build.0 = Debug|Any CPU
		{1A4D7126-5BCC-4E4A-AA6C-F8EED0E3CF6C}.Release|Any CPU.ActiveCfg = Release|Any CPU
		{1A4D7126-5BCC-4E4A-AA6C-F8EED0E3CF6C}.Release|Any CPU.Build.0 = Release|Any CPU
	EndGlobalSection
	GlobalSection(SolutionProperties) = preSolution
		HideSolutionNode = FALSE
	EndGlobalSection
	GlobalSection(ExtensibilityGlobals) = postSolution
		SolutionGuid = {11E7CF17-DCA4-4BD7-A229-8491BB4C0201}
	EndGlobalSection
EndGlobal
